// !$*UTF8*$!
{
	archiveVersion = 1;
	classes = {
	};
	objectVersion = 56;
	objects = {

/* Begin PBXBuildFile section */
		84916F7E2AB61DE8009B5F3F /* yourails_sep_web_nativeApp.swift in Sources */ = {isa = PBXBuildFile; fileRef = 84916F7D2AB61DE8009B5F3F /* yourails_sep_web_nativeApp.swift */; };
		84916F802AB61DE8009B5F3F /* ContentView.swift in Sources */ = {isa = PBXBuildFile; fileRef = 84916F7F2AB61DE8009B5F3F /* ContentView.swift */; };
		84916F822AB61DEB009B5F3F /* Assets.xcassets in Resources */ = {isa = PBXBuildFile; fileRef = 84916F812AB61DEB009B5F3F /* Assets.xcassets */; };
		84916F862AB61DEB009B5F3F /* Preview Assets.xcassets in Resources */ = {isa = PBXBuildFile; fileRef = 84916F852AB61DEB009B5F3F /* Preview Assets.xcassets */; };
		84916F902AB61DEB009B5F3F /* yourails_sep_web_nativeTests.swift in Sources */ = {isa = PBXBuildFile; fileRef = 84916F8F2AB61DEB009B5F3F /* yourails_sep_web_nativeTests.swift */; };
		84916F9A2AB61DEB009B5F3F /* yourails_sep_web_nativeUITests.swift in Sources */ = {isa = PBXBuildFile; fileRef = 84916F992AB61DEB009B5F3F /* yourails_sep_web_nativeUITests.swift */; };
		84916F9C2AB61DEB009B5F3F /* yourails_sep_web_nativeUITestsLaunchTests.swift in Sources */ = {isa = PBXBuildFile; fileRef = 84916F9B2AB61DEB009B5F3F /* yourails_sep_web_nativeUITestsLaunchTests.swift */; };
/* End PBXBuildFile section */

/* Begin PBXContainerItemProxy section */
		84916F8C2AB61DEB009B5F3F /* PBXContainerItemProxy */ = {
			isa = PBXContainerItemProxy;
			containerPortal = 84916F722AB61DE8009B5F3F /* Project object */;
			proxyType = 1;
			remoteGlobalIDString = 84916F792AB61DE8009B5F3F;
			remoteInfo = "yourails-sep-web-native";
		};
		84916F962AB61DEB009B5F3F /* PBXContainerItemProxy */ = {
			isa = PBXContainerItemProxy;
			containerPortal = 84916F722AB61DE8009B5F3F /* Project object */;
			proxyType = 1;
			remoteGlobalIDString = 84916F792AB61DE8009B5F3F;
			remoteInfo = "yourails-sep-web-native";
		};
/* End PBXContainerItemProxy section */

/* Begin PBXFileReference section */
		84916F7A2AB61DE8009B5F3F /* yourails-sep-web-native.app */ = {isa = PBXFileReference; explicitFileType = wrapper.application; includeInIndex = 0; path = "yourails-sep-web-native.app"; sourceTree = BUILT_PRODUCTS_DIR; };
		84916F7D2AB61DE8009B5F3F /* yourails_sep_web_nativeApp.swift */ = {isa = PBXFileReference; lastKnownFileType = sourcecode.swift; path = yourails_sep_web_nativeApp.swift; sourceTree = "<group>"; };
		84916F7F2AB61DE8009B5F3F /* ContentView.swift */ = {isa = PBXFileReference; lastKnownFileType = sourcecode.swift; path = ContentView.swift; sourceTree = "<group>"; };
		84916F812AB61DEB009B5F3F /* Assets.xcassets */ = {isa = PBXFileReference; lastKnownFileType = folder.assetcatalog; path = Assets.xcassets; sourceTree = "<group>"; };
		84916F832AB61DEB009B5F3F /* yourails_sep_web_native.entitlements */ = {isa = PBXFileReference; lastKnownFileType = text.plist.entitlements; path = yourails_sep_web_native.entitlements; sourceTree = "<group>"; };
		84916F852AB61DEB009B5F3F /* Preview Assets.xcassets */ = {isa = PBXFileReference; lastKnownFileType = folder.assetcatalog; path = "Preview Assets.xcassets"; sourceTree = "<group>"; };
		84916F8B2AB61DEB009B5F3F /* yourails-sep-web-nativeTests.xctest */ = {isa = PBXFileReference; explicitFileType = wrapper.cfbundle; includeInIndex = 0; path = "yourails-sep-web-nativeTests.xctest"; sourceTree = BUILT_PRODUCTS_DIR; };
		84916F8F2AB61DEB009B5F3F /* yourails_sep_web_nativeTests.swift */ = {isa = PBXFileReference; lastKnownFileType = sourcecode.swift; path = yourails_sep_web_nativeTests.swift; sourceTree = "<group>"; };
		84916F952AB61DEB009B5F3F /* yourails-sep-web-nativeUITests.xctest */ = {isa = PBXFileReference; explicitFileType = wrapper.cfbundle; includeInIndex = 0; path = "yourails-sep-web-nativeUITests.xctest"; sourceTree = BUILT_PRODUCTS_DIR; };
		84916F992AB61DEB009B5F3F /* yourails_sep_web_nativeUITests.swift */ = {isa = PBXFileReference; lastKnownFileType = sourcecode.swift; path = yourails_sep_web_nativeUITests.swift; sourceTree = "<group>"; };
		84916F9B2AB61DEB009B5F3F /* yourails_sep_web_nativeUITestsLaunchTests.swift */ = {isa = PBXFileReference; lastKnownFileType = sourcecode.swift; path = yourails_sep_web_nativeUITestsLaunchTests.swift; sourceTree = "<group>"; };
/* End PBXFileReference section */

/* Begin PBXFrameworksBuildPhase section */
		84916F772AB61DE8009B5F3F /* Frameworks */ = {
			isa = PBXFrameworksBuildPhase;
			buildActionMask = 2147483647;
			files = (
			);
			runOnlyForDeploymentPostprocessing = 0;
		};
		84916F882AB61DEB009B5F3F /* Frameworks */ = {
			isa = PBXFrameworksBuildPhase;
			buildActionMask = 2147483647;
			files = (
			);
			runOnlyForDeploymentPostprocessing = 0;
		};
		84916F922AB61DEB009B5F3F /* Frameworks */ = {
			isa = PBXFrameworksBuildPhase;
			buildActionMask = 2147483647;
			files = (
			);
			runOnlyForDeploymentPostprocessing = 0;
		};
/* End PBXFrameworksBuildPhase section */

/* Begin PBXGroup section */
		84916F712AB61DE8009B5F3F = {
			isa = PBXGroup;
			children = (
				84916F7C2AB61DE8009B5F3F /* yourails-sep-web-native */,
				84916F8E2AB61DEB009B5F3F /* yourails-sep-web-nativeTests */,
				84916F982AB61DEB009B5F3F /* yourails-sep-web-nativeUITests */,
				84916F7B2AB61DE8009B5F3F /* Products */,
			);
			sourceTree = "<group>";
		};
		84916F7B2AB61DE8009B5F3F /* Products */ = {
			isa = PBXGroup;
			children = (
				84916F7A2AB61DE8009B5F3F /* yourails-sep-web-native.app */,
				84916F8B2AB61DEB009B5F3F /* yourails-sep-web-nativeTests.xctest */,
				84916F952AB61DEB009B5F3F /* yourails-sep-web-nativeUITests.xctest */,
			);
			name = Products;
			sourceTree = "<group>";
		};
		84916F7C2AB61DE8009B5F3F /* yourails-sep-web-native */ = {
			isa = PBXGroup;
			children = (
				84916F7D2AB61DE8009B5F3F /* yourails_sep_web_nativeApp.swift */,
				84916F7F2AB61DE8009B5F3F /* ContentView.swift */,
				84916F812AB61DEB009B5F3F /* Assets.xcassets */,
				84916F832AB61DEB009B5F3F /* yourails_sep_web_native.entitlements */,
				84916F842AB61DEB009B5F3F /* Preview Content */,
			);
			path = "yourails-sep-web-native";
			sourceTree = "<group>";
		};
		84916F842AB61DEB009B5F3F /* Preview Content */ = {
			isa = PBXGroup;
			children = (
				84916F852AB61DEB009B5F3F /* Preview Assets.xcassets */,
			);
			path = "Preview Content";
			sourceTree = "<group>";
		};
		84916F8E2AB61DEB009B5F3F /* yourails-sep-web-nativeTests */ = {
			isa = PBXGroup;
			children = (
				84916F8F2AB61DEB009B5F3F /* yourails_sep_web_nativeTests.swift */,
			);
			path = "yourails-sep-web-nativeTests";
			sourceTree = "<group>";
		};
		84916F982AB61DEB009B5F3F /* yourails-sep-web-nativeUITests */ = {
			isa = PBXGroup;
			children = (
				84916F992AB61DEB009B5F3F /* yourails_sep_web_nativeUITests.swift */,
				84916F9B2AB61DEB009B5F3F /* yourails_sep_web_nativeUITestsLaunchTests.swift */,
			);
			path = "yourails-sep-web-nativeUITests";
			sourceTree = "<group>";
		};
/* End PBXGroup section */

/* Begin PBXNativeTarget section */
		84916F792AB61DE8009B5F3F /* yourails-sep-web-native */ = {
			isa = PBXNativeTarget;
			buildConfigurationList = 84916F9F2AB61DEB009B5F3F /* Build configuration list for PBXNativeTarget "yourails-sep-web-native" */;
			buildPhases = (
				84916F762AB61DE8009B5F3F /* Sources */,
				84916F772AB61DE8009B5F3F /* Frameworks */,
				84916F782AB61DE8009B5F3F /* Resources */,
			);
			buildRules = (
			);
			dependencies = (
			);
			name = "yourails-sep-web-native";
			productName = "yourails-sep-web-native";
			productReference = 84916F7A2AB61DE8009B5F3F /* yourails-sep-web-native.app */;
			productType = "com.apple.product-type.application";
		};
		84916F8A2AB61DEB009B5F3F /* yourails-sep-web-nativeTests */ = {
			isa = PBXNativeTarget;
			buildConfigurationList = 84916FA22AB61DEB009B5F3F /* Build configuration list for PBXNativeTarget "yourails-sep-web-nativeTests" */;
			buildPhases = (
				84916F872AB61DEB009B5F3F /* Sources */,
				84916F882AB61DEB009B5F3F /* Frameworks */,
				84916F892AB61DEB009B5F3F /* Resources */,
			);
			buildRules = (
			);
			dependencies = (
				84916F8D2AB61DEB009B5F3F /* PBXTargetDependency */,
			);
			name = "yourails-sep-web-nativeTests";
			productName = "yourails-sep-web-nativeTests";
			productReference = 84916F8B2AB61DEB009B5F3F /* yourails-sep-web-nativeTests.xctest */;
			productType = "com.apple.product-type.bundle.unit-test";
		};
		84916F942AB61DEB009B5F3F /* yourails-sep-web-nativeUITests */ = {
			isa = PBXNativeTarget;
			buildConfigurationList = 84916FA52AB61DEB009B5F3F /* Build configuration list for PBXNativeTarget "yourails-sep-web-nativeUITests" */;
			buildPhases = (
				84916F912AB61DEB009B5F3F /* Sources */,
				84916F922AB61DEB009B5F3F /* Frameworks */,
				84916F932AB61DEB009B5F3F /* Resources */,
			);
			buildRules = (
			);
			dependencies = (
				84916F972AB61DEB009B5F3F /* PBXTargetDependency */,
			);
			name = "yourails-sep-web-nativeUITests";
			productName = "yourails-sep-web-nativeUITests";
			productReference = 84916F952AB61DEB009B5F3F /* yourails-sep-web-nativeUITests.xctest */;
			productType = "com.apple.product-type.bundle.ui-testing";
		};
/* End PBXNativeTarget section */

/* Begin PBXProject section */
		84916F722AB61DE8009B5F3F /* Project object */ = {
			isa = PBXProject;
			attributes = {
				BuildIndependentTargetsInParallel = 1;
				LastSwiftUpdateCheck = 1430;
				LastUpgradeCheck = 1430;
				TargetAttributes = {
					84916F792AB61DE8009B5F3F = {
						CreatedOnToolsVersion = 14.3.1;
					};
					84916F8A2AB61DEB009B5F3F = {
						CreatedOnToolsVersion = 14.3.1;
						TestTargetID = 84916F792AB61DE8009B5F3F;
					};
					84916F942AB61DEB009B5F3F = {
						CreatedOnToolsVersion = 14.3.1;
						TestTargetID = 84916F792AB61DE8009B5F3F;
					};
				};
			};
			buildConfigurationList = 84916F752AB61DE8009B5F3F /* Build configuration list for PBXProject "yourails-sep-web-native" */;
			compatibilityVersion = "Xcode 14.0";
			developmentRegion = en;
			hasScannedForEncodings = 0;
			knownRegions = (
				en,
				Base,
			);
			mainGroup = 84916F712AB61DE8009B5F3F;
			productRefGroup = 84916F7B2AB61DE8009B5F3F /* Products */;
			projectDirPath = "";
			projectRoot = "";
			targets = (
				84916F792AB61DE8009B5F3F /* yourails-sep-web-native */,
				84916F8A2AB61DEB009B5F3F /* yourails-sep-web-nativeTests */,
				84916F942AB61DEB009B5F3F /* yourails-sep-web-nativeUITests */,
			);
		};
/* End PBXProject section */

/* Begin PBXResourcesBuildPhase section */
		84916F782AB61DE8009B5F3F /* Resources */ = {
			isa = PBXResourcesBuildPhase;
			buildActionMask = 2147483647;
			files = (
				84916F862AB61DEB009B5F3F /* Preview Assets.xcassets in Resources */,
				84916F822AB61DEB009B5F3F /* Assets.xcassets in Resources */,
			);
			runOnlyForDeploymentPostprocessing = 0;
		};
		84916F892AB61DEB009B5F3F /* Resources */ = {
			isa = PBXResourcesBuildPhase;
			buildActionMask = 2147483647;
			files = (
			);
			runOnlyForDeploymentPostprocessing = 0;
		};
		84916F932AB61DEB009B5F3F /* Resources */ = {
			isa = PBXResourcesBuildPhase;
			buildActionMask = 2147483647;
			files = (
			);
			runOnlyForDeploymentPostprocessing = 0;
		};
/* End PBXResourcesBuildPhase section */

/* Begin PBXSourcesBuildPhase section */
		84916F762AB61DE8009B5F3F /* Sources */ = {
			isa = PBXSourcesBuildPhase;
			buildActionMask = 2147483647;
			files = (
				84916F802AB61DE8009B5F3F /* ContentView.swift in Sources */,
				84916F7E2AB61DE8009B5F3F /* yourails_sep_web_nativeApp.swift in Sources */,
			);
			runOnlyForDeploymentPostprocessing = 0;
		};
		84916F872AB61DEB009B5F3F /* Sources */ = {
			isa = PBXSourcesBuildPhase;
			buildActionMask = 2147483647;
			files = (
				84916F902AB61DEB009B5F3F /* yourails_sep_web_nativeTests.swift in Sources */,
			);
			runOnlyForDeploymentPostprocessing = 0;
		};
		84916F912AB61DEB009B5F3F /* Sources */ = {
			isa = PBXSourcesBuildPhase;
			buildActionMask = 2147483647;
			files = (
				84916F9A2AB61DEB009B5F3F /* yourails_sep_web_nativeUITests.swift in Sources */,
				84916F9C2AB61DEB009B5F3F /* yourails_sep_web_nativeUITestsLaunchTests.swift in Sources */,
			);
			runOnlyForDeploymentPostprocessing = 0;
		};
/* End PBXSourcesBuildPhase section */

/* Begin PBXTargetDependency section */
		84916F8D2AB61DEB009B5F3F /* PBXTargetDependency */ = {
			isa = PBXTargetDependency;
			target = 84916F792AB61DE8009B5F3F /* yourails-sep-web-native */;
			targetProxy = 84916F8C2AB61DEB009B5F3F /* PBXContainerItemProxy */;
		};
		84916F972AB61DEB009B5F3F /* PBXTargetDependency */ = {
			isa = PBXTargetDependency;
			target = 84916F792AB61DE8009B5F3F /* yourails-sep-web-native */;
			targetProxy = 84916F962AB61DEB009B5F3F /* PBXContainerItemProxy */;
		};
/* End PBXTargetDependency section */

/* Begin XCBuildConfiguration section */
		84916F9D2AB61DEB009B5F3F /* Debug */ = {
			isa = XCBuildConfiguration;
			buildSettings = {
				ALWAYS_SEARCH_USER_PATHS = NO;
				CLANG_ANALYZER_NONNULL = YES;
				CLANG_ANALYZER_NUMBER_OBJECT_CONVERSION = YES_AGGRESSIVE;
				CLANG_CXX_LANGUAGE_STANDARD = "gnu++20";
				CLANG_ENABLE_MODULES = YES;
				CLANG_ENABLE_OBJC_ARC = YES;
				CLANG_ENABLE_OBJC_WEAK = YES;
				CLANG_WARN_BLOCK_CAPTURE_AUTORELEASING = YES;
				CLANG_WARN_BOOL_CONVERSION = YES;
				CLANG_WARN_COMMA = YES;
				CLANG_WARN_CONSTANT_CONVERSION = YES;
				CLANG_WARN_DEPRECATED_OBJC_IMPLEMENTATIONS = YES;
				CLANG_WARN_DIRECT_OBJC_ISA_USAGE = YES_ERROR;
				CLANG_WARN_DOCUMENTATION_COMMENTS = YES;
				CLANG_WARN_EMPTY_BODY = YES;
				CLANG_WARN_ENUM_CONVERSION = YES;
				CLANG_WARN_INFINITE_RECURSION = YES;
				CLANG_WARN_INT_CONVERSION = YES;
				CLANG_WARN_NON_LITERAL_NULL_CONVERSION = YES;
				CLANG_WARN_OBJC_IMPLICIT_RETAIN_SELF = YES;
				CLANG_WARN_OBJC_LITERAL_CONVERSION = YES;
				CLANG_WARN_OBJC_ROOT_CLASS = YES_ERROR;
				CLANG_WARN_QUOTED_INCLUDE_IN_FRAMEWORK_HEADER = YES;
				CLANG_WARN_RANGE_LOOP_ANALYSIS = YES;
				CLANG_WARN_STRICT_PROTOTYPES = YES;
				CLANG_WARN_SUSPICIOUS_MOVE = YES;
				CLANG_WARN_UNGUARDED_AVAILABILITY = YES_AGGRESSIVE;
				CLANG_WARN_UNREACHABLE_CODE = YES;
				CLANG_WARN__DUPLICATE_METHOD_MATCH = YES;
				COPY_PHASE_STRIP = NO;
				DEBUG_INFORMATION_FORMAT = dwarf;
				ENABLE_STRICT_OBJC_MSGSEND = YES;
				ENABLE_TESTABILITY = YES;
				GCC_C_LANGUAGE_STANDARD = gnu11;
				GCC_DYNAMIC_NO_PIC = NO;
				GCC_NO_COMMON_BLOCKS = YES;
				GCC_OPTIMIZATION_LEVEL = 0;
				GCC_PREPROCESSOR_DEFINITIONS = (
					"DEBUG=1",
					"$(inherited)",
				);
				GCC_WARN_64_TO_32_BIT_CONVERSION = YES;
				GCC_WARN_ABOUT_RETURN_TYPE = YES_ERROR;
				GCC_WARN_UNDECLARED_SELECTOR = YES;
				GCC_WARN_UNINITIALIZED_AUTOS = YES_AGGRESSIVE;
				GCC_WARN_UNUSED_FUNCTION = YES;
				GCC_WARN_UNUSED_VARIABLE = YES;
				MTL_ENABLE_DEBUG_INFO = INCLUDE_SOURCE;
				MTL_FAST_MATH = YES;
				ONLY_ACTIVE_ARCH = YES;
				SWIFT_ACTIVE_COMPILATION_CONDITIONS = DEBUG;
				SWIFT_OPTIMIZATION_LEVEL = "-Onone";
			};
			name = Debug;
		};
		84916F9E2AB61DEB009B5F3F /* Release */ = {
			isa = XCBuildConfiguration;
			buildSettings = {
				ALWAYS_SEARCH_USER_PATHS = NO;
				CLANG_ANALYZER_NONNULL = YES;
				CLANG_ANALYZER_NUMBER_OBJECT_CONVERSION = YES_AGGRESSIVE;
				CLANG_CXX_LANGUAGE_STANDARD = "gnu++20";
				CLANG_ENABLE_MODULES = YES;
				CLANG_ENABLE_OBJC_ARC = YES;
				CLANG_ENABLE_OBJC_WEAK = YES;
				CLANG_WARN_BLOCK_CAPTURE_AUTORELEASING = YES;
				CLANG_WARN_BOOL_CONVERSION = YES;
				CLANG_WARN_COMMA = YES;
				CLANG_WARN_CONSTANT_CONVERSION = YES;
				CLANG_WARN_DEPRECATED_OBJC_IMPLEMENTATIONS = YES;
				CLANG_WARN_DIRECT_OBJC_ISA_USAGE = YES_ERROR;
				CLANG_WARN_DOCUMENTATION_COMMENTS = YES;
				CLANG_WARN_EMPTY_BODY = YES;
				CLANG_WARN_ENUM_CONVERSION = YES;
				CLANG_WARN_INFINITE_RECURSION = YES;
				CLANG_WARN_INT_CONVERSION = YES;
				CLANG_WARN_NON_LITERAL_NULL_CONVERSION = YES;
				CLANG_WARN_OBJC_IMPLICIT_RETAIN_SELF = YES;
				CLANG_WARN_OBJC_LITERAL_CONVERSION = YES;
				CLANG_WARN_OBJC_ROOT_CLASS = YES_ERROR;
				CLANG_WARN_QUOTED_INCLUDE_IN_FRAMEWORK_HEADER = YES;
				CLANG_WARN_RANGE_LOOP_ANALYSIS = YES;
				CLANG_WARN_STRICT_PROTOTYPES = YES;
				CLANG_WARN_SUSPICIOUS_MOVE = YES;
				CLANG_WARN_UNGUARDED_AVAILABILITY = YES_AGGRESSIVE;
				CLANG_WARN_UNREACHABLE_CODE = YES;
				CLANG_WARN__DUPLICATE_METHOD_MATCH = YES;
				COPY_PHASE_STRIP = NO;
				DEBUG_INFORMATION_FORMAT = "dwarf-with-dsym";
				ENABLE_NS_ASSERTIONS = NO;
				ENABLE_STRICT_OBJC_MSGSEND = YES;
				GCC_C_LANGUAGE_STANDARD = gnu11;
				GCC_NO_COMMON_BLOCKS = YES;
				GCC_WARN_64_TO_32_BIT_CONVERSION = YES;
				GCC_WARN_ABOUT_RETURN_TYPE = YES_ERROR;
				GCC_WARN_UNDECLARED_SELECTOR = YES;
				GCC_WARN_UNINITIALIZED_AUTOS = YES_AGGRESSIVE;
				GCC_WARN_UNUSED_FUNCTION = YES;
				GCC_WARN_UNUSED_VARIABLE = YES;
				MTL_ENABLE_DEBUG_INFO = NO;
				MTL_FAST_MATH = YES;
				SWIFT_COMPILATION_MODE = wholemodule;
				SWIFT_OPTIMIZATION_LEVEL = "-O";
			};
			name = Release;
		};
		84916FA02AB61DEB009B5F3F /* Debug */ = {
			isa = XCBuildConfiguration;
			buildSettings = {
				ASSETCATALOG_COMPILER_APPICON_NAME = AppIcon;
				ASSETCATALOG_COMPILER_GLOBAL_ACCENT_COLOR_NAME = AccentColor;
				CODE_SIGN_ENTITLEMENTS = "yourails-sep-web-native/yourails_sep_web_native.entitlements";
				CODE_SIGN_STYLE = Automatic;
				CURRENT_PROJECT_VERSION = 1;
				DEVELOPMENT_ASSET_PATHS = "\"yourails-sep-web-native/Preview Content\"";
				ENABLE_PREVIEWS = YES;
				GENERATE_INFOPLIST_FILE = YES;
				"INFOPLIST_KEY_UIApplicationSceneManifest_Generation[sdk=iphoneos*]" = YES;
				"INFOPLIST_KEY_UIApplicationSceneManifest_Generation[sdk=iphonesimulator*]" = YES;
				"INFOPLIST_KEY_UIApplicationSupportsIndirectInputEvents[sdk=iphoneos*]" = YES;
				"INFOPLIST_KEY_UIApplicationSupportsIndirectInputEvents[sdk=iphonesimulator*]" = YES;
				"INFOPLIST_KEY_UILaunchScreen_Generation[sdk=iphoneos*]" = YES;
				"INFOPLIST_KEY_UILaunchScreen_Generation[sdk=iphonesimulator*]" = YES;
				"INFOPLIST_KEY_UIStatusBarStyle[sdk=iphoneos*]" = UIStatusBarStyleDefault;
				"INFOPLIST_KEY_UIStatusBarStyle[sdk=iphonesimulator*]" = UIStatusBarStyleDefault;
				INFOPLIST_KEY_UISupportedInterfaceOrientations_iPad = "UIInterfaceOrientationPortrait UIInterfaceOrientationPortraitUpsideDown UIInterfaceOrientationLandscapeLeft UIInterfaceOrientationLandscapeRight";
				INFOPLIST_KEY_UISupportedInterfaceOrientations_iPhone = "UIInterfaceOrientationPortrait UIInterfaceOrientationLandscapeLeft UIInterfaceOrientationLandscapeRight";
				IPHONEOS_DEPLOYMENT_TARGET = 16.4;
				LD_RUNPATH_SEARCH_PATHS = "@executable_path/Frameworks";
				"LD_RUNPATH_SEARCH_PATHS[sdk=macosx*]" = "@executable_path/../Frameworks";
				MACOSX_DEPLOYMENT_TARGET = 13.3;
				MARKETING_VERSION = 1.0;
				PRODUCT_BUNDLE_IDENTIFIER = "yourails.yourails-sep-web-native";
				PRODUCT_NAME = "$(TARGET_NAME)";
				SDKROOT = auto;
				SUPPORTED_PLATFORMS = "iphoneos iphonesimulator macosx";
				SWIFT_EMIT_LOC_STRINGS = YES;
				SWIFT_VERSION = 5.0;
				TARGETED_DEVICE_FAMILY = "1,2";
			};
			name = Debug;
		};
		84916FA12AB61DEB009B5F3F /* Release */ = {
			isa = XCBuildConfiguration;
			buildSettings = {
				ASSETCATALOG_COMPILER_APPICON_NAME = AppIcon;
				ASSETCATALOG_COMPILER_GLOBAL_ACCENT_COLOR_NAME = AccentColor;
				CODE_SIGN_ENTITLEMENTS = "yourails-sep-web-native/yourails_sep_web_native.entitlements";
				CODE_SIGN_STYLE = Automatic;
				CURRENT_PROJECT_VERSION = 1;
				DEVELOPMENT_ASSET_PATHS = "\"yourails-sep-web-native/Preview Content\"";
				ENABLE_PREVIEWS = YES;
				GENERATE_INFOPLIST_FILE = YES;
				"INFOPLIST_KEY_UIApplicationSceneManifest_Generation[sdk=iphoneos*]" = YES;
				"INFOPLIST_KEY_UIApplicationSceneManifest_Generation[sdk=iphonesimulator*]" = YES;
				"INFOPLIST_KEY_UIApplicationSupportsIndirectInputEvents[sdk=iphoneos*]" = YES;
				"INFOPLIST_KEY_UIApplicationSupportsIndirectInputEvents[sdk=iphonesimulator*]" = YES;
				"INFOPLIST_KEY_UILaunchScreen_Generation[sdk=iphoneos*]" = YES;
				"INFOPLIST_KEY_UILaunchScreen_Generation[sdk=iphonesimulator*]" = YES;
				"INFOPLIST_KEY_UIStatusBarStyle[sdk=iphoneos*]" = UIStatusBarStyleDefault;
				"INFOPLIST_KEY_UIStatusBarStyle[sdk=iphonesimulator*]" = UIStatusBarStyleDefault;
				INFOPLIST_KEY_UISupportedInterfaceOrientations_iPad = "UIInterfaceOrientationPortrait UIInterfaceOrientationPortraitUpsideDown UIInterfaceOrientationLandscapeLeft UIInterfaceOrientationLandscapeRight";
				INFOPLIST_KEY_UISupportedInterfaceOrientations_iPhone = "UIInterfaceOrientationPortrait UIInterfaceOrientationLandscapeLeft UIInterfaceOrientationLandscapeRight";
				IPHONEOS_DEPLOYMENT_TARGET = 16.4;
				LD_RUNPATH_SEARCH_PATHS = "@executable_path/Frameworks";
				"LD_RUNPATH_SEARCH_PATHS[sdk=macosx*]" = "@executable_path/../Frameworks";
				MACOSX_DEPLOYMENT_TARGET = 13.3;
				MARKETING_VERSION = 1.0;
				PRODUCT_BUNDLE_IDENTIFIER = "yourails.yourails-sep-web-native";
				PRODUCT_NAME = "$(TARGET_NAME)";
				SDKROOT = auto;
				SUPPORTED_PLATFORMS = "iphoneos iphonesimulator macosx";
				SWIFT_EMIT_LOC_STRINGS = YES;
				SWIFT_VERSION = 5.0;
				TARGETED_DEVICE_FAMILY = "1,2";
			};
			name = Release;
		};
		84916FA32AB61DEB009B5F3F /* Debug */ = {
			isa = XCBuildConfiguration;
			buildSettings = {
				ALWAYS_EMBED_SWIFT_STANDARD_LIBRARIES = YES;
				BUNDLE_LOADER = "$(TEST_HOST)";
				CODE_SIGN_STYLE = Automatic;
				CURRENT_PROJECT_VERSION = 1;
				GENERATE_INFOPLIST_FILE = YES;
				IPHONEOS_DEPLOYMENT_TARGET = 16.4;
				MACOSX_DEPLOYMENT_TARGET = 13.3;
				MARKETING_VERSION = 1.0;
				PRODUCT_BUNDLE_IDENTIFIER = "yourails.yourails-sep-web-nativeTests";
				PRODUCT_NAME = "$(TARGET_NAME)";
				SDKROOT = auto;
				SUPPORTED_PLATFORMS = "iphoneos iphonesimulator macosx";
				SWIFT_EMIT_LOC_STRINGS = NO;
				SWIFT_VERSION = 5.0;
				TARGETED_DEVICE_FAMILY = "1,2";
				TEST_HOST = "$(BUILT_PRODUCTS_DIR)/yourails-sep-web-native.app/$(BUNDLE_EXECUTABLE_FOLDER_PATH)/yourails-sep-web-native";
			};
			name = Debug;
		};
		84916FA42AB61DEB009B5F3F /* Release */ = {
			isa = XCBuildConfiguration;
			buildSettings = {
				ALWAYS_EMBED_SWIFT_STANDARD_LIBRARIES = YES;
				BUNDLE_LOADER = "$(TEST_HOST)";
				CODE_SIGN_STYLE = Automatic;
				CURRENT_PROJECT_VERSION = 1;
				GENERATE_INFOPLIST_FILE = YES;
				IPHONEOS_DEPLOYMENT_TARGET = 16.4;
				MACOSX_DEPLOYMENT_TARGET = 13.3;
				MARKETING_VERSION = 1.0;
				PRODUCT_BUNDLE_IDENTIFIER = "yourails.yourails-sep-web-nativeTests";
				PRODUCT_NAME = "$(TARGET_NAME)";
				SDKROOT = auto;
				SUPPORTED_PLATFORMS = "iphoneos iphonesimulator macosx";
				SWIFT_EMIT_LOC_STRINGS = NO;
				SWIFT_VERSION = 5.0;
				TARGETED_DEVICE_FAMILY = "1,2";
				TEST_HOST = "$(BUILT_PRODUCTS_DIR)/yourails-sep-web-native.app/$(BUNDLE_EXECUTABLE_FOLDER_PATH)/yourails-sep-web-native";
			};
			name = Release;
		};
		84916FA62AB61DEB009B5F3F /* Debug */ = {
			isa = XCBuildConfiguration;
			buildSettings = {
				ALWAYS_EMBED_SWIFT_STANDARD_LIBRARIES = YES;
				CODE_SIGN_STYLE = Automatic;
				CURRENT_PROJECT_VERSION = 1;
				GENERATE_INFOPLIST_FILE = YES;
				IPHONEOS_DEPLOYMENT_TARGET = 16.4;
				MACOSX_DEPLOYMENT_TARGET = 13.3;
				MARKETING_VERSION = 1.0;
				PRODUCT_BUNDLE_IDENTIFIER = "yourails.yourails-sep-web-nativeUITests";
				PRODUCT_NAME = "$(TARGET_NAME)";
				SDKROOT = auto;
				SUPPORTED_PLATFORMS = "iphoneos iphonesimulator macosx";
				SWIFT_EMIT_LOC_STRINGS = NO;
				SWIFT_VERSION = 5.0;
				TARGETED_DEVICE_FAMILY = "1,2";
				TEST_TARGET_NAME = "yourails-sep-web-native";
			};
			name = Debug;
		};
		84916FA72AB61DEB009B5F3F /* Release */ = {
			isa = XCBuildConfiguration;
			buildSettings = {
				ALWAYS_EMBED_SWIFT_STANDARD_LIBRARIES = YES;
				CODE_SIGN_STYLE = Automatic;
				CURRENT_PROJECT_VERSION = 1;
				GENERATE_INFOPLIST_FILE = YES;
				IPHONEOS_DEPLOYMENT_TARGET = 16.4;
				MACOSX_DEPLOYMENT_TARGET = 13.3;
				MARKETING_VERSION = 1.0;
				PRODUCT_BUNDLE_IDENTIFIER = "yourails.yourails-sep-web-nativeUITests";
				PRODUCT_NAME = "$(TARGET_NAME)";
				SDKROOT = auto;
				SUPPORTED_PLATFORMS = "iphoneos iphonesimulator macosx";
				SWIFT_EMIT_LOC_STRINGS = NO;
				SWIFT_VERSION = 5.0;
				TARGETED_DEVICE_FAMILY = "1,2";
				TEST_TARGET_NAME = "yourails-sep-web-native";
			};
			name = Release;
		};
/* End XCBuildConfiguration section */

/* Begin XCConfigurationList section */
		84916F752AB61DE8009B5F3F /* Build configuration list for PBXProject "yourails-sep-web-native" */ = {
			isa = XCConfigurationList;
			buildConfigurations = (
				84916F9D2AB61DEB009B5F3F /* Debug */,
				84916F9E2AB61DEB009B5F3F /* Release */,
			);
			defaultConfigurationIsVisible = 0;
			defaultConfigurationName = Release;
		};
		84916F9F2AB61DEB009B5F3F /* Build configuration list for PBXNativeTarget "yourails-sep-web-native" */ = {
			isa = XCConfigurationList;
			buildConfigurations = (
				84916FA02AB61DEB009B5F3F /* Debug */,
				84916FA12AB61DEB009B5F3F /* Release */,
			);
			defaultConfigurationIsVisible = 0;
			defaultConfigurationName = Release;
		};
		84916FA22AB61DEB009B5F3F /* Build configuration list for PBXNativeTarget "yourails-sep-web-nativeTests" */ = {
			isa = XCConfigurationList;
			buildConfigurations = (
				84916FA32AB61DEB009B5F3F /* Debug */,
				84916FA42AB61DEB009B5F3F /* Release */,
			);
			defaultConfigurationIsVisible = 0;
			defaultConfigurationName = Release;
		};
		84916FA52AB61DEB009B5F3F /* Build configuration list for PBXNativeTarget "yourails-sep-web-nativeUITests" */ = {
			isa = XCConfigurationList;
			buildConfigurations = (
				84916FA62AB61DEB009B5F3F /* Debug */,
				84916FA72AB61DEB009B5F3F /* Release */,
			);
			defaultConfigurationIsVisible = 0;
			defaultConfigurationName = Release;
		};
/* End XCConfigurationList section */
	};
	rootObject = 84916F722AB61DE8009B5F3F /* Project object */;
}
